
Microsoft Visual Studio Solution File, Format Version 12.00
# Visual Studio Version 17
VisualStudioVersion = 17.13.35825.156
MinimumVisualStudioVersion = 10.0.40219.1
Project("{FAE04EC0-301F-11D3-BF4B-00C04F79EFBC}") = "GettingReal", "src\GettingReal\GettingReal.csproj", "{575FD5C0-3ACB-4967-9AB6-E849B409647A}"
EndProject
Project("{FAE04EC0-301F-11D3-BF4B-00C04F79EFBC}") = "TestGettingReal", "src\TestGettingReal\TestGettingReal.csproj", "{0259D1EE-EC43-4E60-946F-E1926F53863C}"
EndProject
Global
	GlobalSection(SolutionConfigurationPlatforms) = preSolution
		Debug|Any CPU = Debug|Any CPU
		Release|Any CPU = Release|Any CPU
	EndGlobalSection
	GlobalSection(ProjectConfigurationPlatforms) = postSolution
		{575FD5C0-3ACB-4967-9AB6-E849B409647A}.Debug|Any CPU.ActiveCfg = Debug|Any CPU
		{575FD5C0-3ACB-4967-9AB6-E849B409647A}.Debug|Any CPU.Build.0 = Debug|Any CPU
		{575FD5C0-3ACB-4967-9AB6-E849B409647A}.Release|Any CPU.ActiveCfg = Release|Any CPU
		{575FD5C0-3ACB-4967-9AB6-E849B409647A}.Release|Any CPU.Build.0 = Release|Any CPU
		{0259D1EE-EC43-4E60-946F-E1926F53863C}.Debug|Any CPU.ActiveCfg = Debug|Any CPU
		{0259D1EE-EC43-4E60-946F-E1926F53863C}.Debug|Any CPU.Build.0 = Debug|Any CPU
		{0259D1EE-EC43-4E60-946F-E1926F53863C}.Release|Any CPU.ActiveCfg = Release|Any CPU
		{0259D1EE-EC43-4E60-946F-E1926F53863C}.Release|Any CPU.Build.0 = Release|Any CPU
	EndGlobalSection
	GlobalSection(SolutionProperties) = preSolution
		HideSolutionNode = FALSE
	EndGlobalSection
	GlobalSection(ExtensibilityGlobals) = postSolution
		SolutionGuid = {9A48DD15-EA59-44A7-91E5-E5CFB31AB5A6}
	EndGlobalSection
EndGlobal
